
Microsoft Visual Studio Solution File, Format Version 12.00
# Visual Studio Version 17
VisualStudioVersion = 17.2.32616.157
MinimumVisualStudioVersion = 10.0.40219.1
Project("{FAE04EC0-301F-11D3-BF4B-00C04F79EFBC}") = "Bag With Friends", "Bag With Friends\Bag With Friends.csproj", "{D77D2BA4-BF00-45C5-BF46-BD4131B0B830}"
EndProject
Global
	GlobalSection(SolutionConfigurationPlatforms) = preSolution
		Debug|Any CPU = Debug|Any CPU
		Release|Any CPU = Release|Any CPU
	EndGlobalSection
	GlobalSection(ProjectConfigurationPlatforms) = postSolution
		{D77D2BA4-BF00-45C5-BF46-BD4131B0B830}.Debug|Any CPU.ActiveCfg = Debug|Any CPU
		{D77D2BA4-BF00-45C5-BF46-BD4131B0B830}.Debug|Any CPU.Build.0 = Debug|Any CPU
		{D77D2BA4-BF00-45C5-BF46-BD4131B0B830}.Release|Any CPU.ActiveCfg = Release|Any CPU
		{D77D2BA4-BF00-45C5-BF46-BD4131B0B830}.Release|Any CPU.Build.0 = Release|Any CPU
	EndGlobalSection
	GlobalSection(SolutionProperties) = preSolution
		HideSolutionNode = FALSE
	EndGlobalSection
	GlobalSection(ExtensibilityGlobals) = postSolution
		SolutionGuid = {5DB685F3-02A6-4657-961B-9E13375F87E6}
	EndGlobalSection
EndGlobal
